// !$*UTF8*$!
{
	archiveVersion = 1;
	classes = {
	};
	objectVersion = 50;
	objects = {

/* Begin PBXBuildFile section */
		1F6D36F72264BF7800E3C095 /* CollectionViewCell.swift in Sources */ = {isa = PBXBuildFile; fileRef = 1F6D36F62264BF7800E3C095 /* CollectionViewCell.swift */; };
		1F6D36F92264C98700E3C095 /* ProductTableViewCell.swift in Sources */ = {isa = PBXBuildFile; fileRef = 1F6D36F82264C98700E3C095 /* ProductTableViewCell.swift */; };
		1F75D71C2264A2200066C1A3 /* AppDelegate.swift in Sources */ = {isa = PBXBuildFile; fileRef = 1F75D71B2264A2200066C1A3 /* AppDelegate.swift */; };
		1F75D71E2264A2200066C1A3 /* ViewController.swift in Sources */ = {isa = PBXBuildFile; fileRef = 1F75D71D2264A2200066C1A3 /* ViewController.swift */; };
		1F75D7212264A2200066C1A3 /* Main.storyboard in Resources */ = {isa = PBXBuildFile; fileRef = 1F75D71F2264A2200066C1A3 /* Main.storyboard */; };
		1F75D7232264A2230066C1A3 /* Assets.xcassets in Resources */ = {isa = PBXBuildFile; fileRef = 1F75D7222264A2230066C1A3 /* Assets.xcassets */; };
		1F75D7262264A2230066C1A3 /* LaunchScreen.storyboard in Resources */ = {isa = PBXBuildFile; fileRef = 1F75D7242264A2230066C1A3 /* LaunchScreen.storyboard */; };
		1F75D74A2264A8230066C1A3 /* Exhibit.swift in Sources */ = {isa = PBXBuildFile; fileRef = 1F75D7492264A8230066C1A3 /* Exhibit.swift */; };
		1FA1C315226740350082E01A /* .gitignore in Resources */ = {isa = PBXBuildFile; fileRef = 1FA1C314226740350082E01A /* .gitignore */; };
/* End PBXBuildFile section */

/* Begin PBXFileReference section */
		1F6D36F62264BF7800E3C095 /* CollectionViewCell.swift */ = {isa = PBXFileReference; lastKnownFileType = sourcecode.swift; path = CollectionViewCell.swift; sourceTree = "<group>"; };
		1F6D36F82264C98700E3C095 /* ProductTableViewCell.swift */ = {isa = PBXFileReference; lastKnownFileType = sourcecode.swift; path = ProductTableViewCell.swift; sourceTree = "<group>"; };
		1F75D7182264A2200066C1A3 /* TestJSON.app */ = {isa = PBXFileReference; explicitFileType = wrapper.application; includeInIndex = 0; path = TestJSON.app; sourceTree = BUILT_PRODUCTS_DIR; };
		1F75D71B2264A2200066C1A3 /* AppDelegate.swift */ = {isa = PBXFileReference; lastKnownFileType = sourcecode.swift; path = AppDelegate.swift; sourceTree = "<group>"; };
		1F75D71D2264A2200066C1A3 /* ViewController.swift */ = {isa = PBXFileReference; lastKnownFileType = sourcecode.swift; path = ViewController.swift; sourceTree = "<group>"; };
		1F75D7202264A2200066C1A3 /* Base */ = {isa = PBXFileReference; lastKnownFileType = file.storyboard; name = Base; path = Base.lproj/Main.storyboard; sourceTree = "<group>"; };
		1F75D7222264A2230066C1A3 /* Assets.xcassets */ = {isa = PBXFileReference; lastKnownFileType = folder.assetcatalog; path = Assets.xcassets; sourceTree = "<group>"; };
		1F75D7252264A2230066C1A3 /* Base */ = {isa = PBXFileReference; lastKnownFileType = file.storyboard; name = Base; path = Base.lproj/LaunchScreen.storyboard; sourceTree = "<group>"; };
		1F75D7272264A2230066C1A3 /* Info.plist */ = {isa = PBXFileReference; lastKnownFileType = text.plist.xml; path = Info.plist; sourceTree = "<group>"; };
		1F75D7492264A8230066C1A3 /* Exhibit.swift */ = {isa = PBXFileReference; lastKnownFileType = sourcecode.swift; path = Exhibit.swift; sourceTree = "<group>"; };
		1FA1C314226740350082E01A /* .gitignore */ = {isa = PBXFileReference; lastKnownFileType = text; path = .gitignore; sourceTree = "<group>"; };
/* End PBXFileReference section */

/* Begin PBXFrameworksBuildPhase section */
		1F75D7152264A2200066C1A3 /* Frameworks */ = {
			isa = PBXFrameworksBuildPhase;
			buildActionMask = 2147483647;
			files = (
			);
			runOnlyForDeploymentPostprocessing = 0;
		};
/* End PBXFrameworksBuildPhase section */

/* Begin PBXGroup section */
		1F75D70F2264A2200066C1A3 = {
			isa = PBXGroup;
			children = (
				1F75D71A2264A2200066C1A3 /* TestJSON */,
				1F75D7192264A2200066C1A3 /* Products */,
			);
			sourceTree = "<group>";
		};
		1F75D7192264A2200066C1A3 /* Products */ = {
			isa = PBXGroup;
			children = (
				1F75D7182264A2200066C1A3 /* TestJSON.app */,
			);
			name = Products;
			sourceTree = "<group>";
		};
		1F75D71A2264A2200066C1A3 /* TestJSON */ = {
			isa = PBXGroup;
			children = (
				1F75D71B2264A2200066C1A3 /* AppDelegate.swift */,
				1FA1C314226740350082E01A /* .gitignore */,
				1F75D71D2264A2200066C1A3 /* ViewController.swift */,
				1F6D36F82264C98700E3C095 /* ProductTableViewCell.swift */,
				1F75D71F2264A2200066C1A3 /* Main.storyboard */,
				1F6D36F62264BF7800E3C095 /* CollectionViewCell.swift */,
				1F75D7492264A8230066C1A3 /* Exhibit.swift */,
				1F75D7222264A2230066C1A3 /* Assets.xcassets */,
				1F75D7242264A2230066C1A3 /* LaunchScreen.storyboard */,
				1F75D7272264A2230066C1A3 /* Info.plist */,
			);
			path = TestJSON;
			sourceTree = "<group>";
		};
/* End PBXGroup section */

/* Begin PBXNativeTarget section */
		1F75D7172264A2200066C1A3 /* TestJSON */ = {
			isa = PBXNativeTarget;
			buildConfigurationList = 1F75D7402264A2230066C1A3 /* Build configuration list for PBXNativeTarget "TestJSON" */;
			buildPhases = (
				1F75D7142264A2200066C1A3 /* Sources */,
				1F75D7152264A2200066C1A3 /* Frameworks */,
				1F75D7162264A2200066C1A3 /* Resources */,
			);
			buildRules = (
			);
			dependencies = (
			);
			name = TestJSON;
			productName = TestJSON;
			productReference = 1F75D7182264A2200066C1A3 /* TestJSON.app */;
			productType = "com.apple.product-type.application";
		};
/* End PBXNativeTarget section */

/* Begin PBXProject section */
		1F75D7102264A2200066C1A3 /* Project object */ = {
			isa = PBXProject;
			attributes = {
				LastSwiftUpdateCheck = 1020;
				LastUpgradeCheck = 1020;
				ORGANIZATIONNAME = Aleksandr;
				TargetAttributes = {
					1F75D7172264A2200066C1A3 = {
						CreatedOnToolsVersion = 10.2;
						LastSwiftMigration = 1020;
					};
				};
			};
			buildConfigurationList = 1F75D7132264A2200066C1A3 /* Build configuration list for PBXProject "TestJSON" */;
			compatibilityVersion = "Xcode 9.3";
			developmentRegion = en;
			hasScannedForEncodings = 0;
			knownRegions = (
				en,
				Base,
			);
			mainGroup = 1F75D70F2264A2200066C1A3;
			productRefGroup = 1F75D7192264A2200066C1A3 /* Products */;
			projectDirPath = "";
			projectRoot = "";
			targets = (
				1F75D7172264A2200066C1A3 /* TestJSON */,
			);
		};
/* End PBXProject section */

/* Begin PBXResourcesBuildPhase section */
		1F75D7162264A2200066C1A3 /* Resources */ = {
			isa = PBXResourcesBuildPhase;
			buildActionMask = 2147483647;
			files = (
				1FA1C315226740350082E01A /* .gitignore in Resources */,
				1F75D7262264A2230066C1A3 /* LaunchScreen.storyboard in Resources */,
				1F75D7232264A2230066C1A3 /* Assets.xcassets in Resources */,
				1F75D7212264A2200066C1A3 /* Main.storyboard in Resources */,
			);
			runOnlyForDeploymentPostprocessing = 0;
		};
/* End PBXResourcesBuildPhase section */

/* Begin PBXSourcesBuildPhase section */
		1F75D7142264A2200066C1A3 /* Sources */ = {
			isa = PBXSourcesBuildPhase;
			buildActionMask = 2147483647;
			files = (
				1F75D74A2264A8230066C1A3 /* Exhibit.swift in Sources */,
				1F75D71E2264A2200066C1A3 /* ViewController.swift in Sources */,
				1F6D36F92264C98700E3C095 /* ProductTableViewCell.swift in Sources */,
				1F6D36F72264BF7800E3C095 /* CollectionViewCell.swift in Sources */,
				1F75D71C2264A2200066C1A3 /* AppDelegate.swift in Sources */,
			);
			runOnlyForDeploymentPostprocessing = 0;
		};
/* End PBXSourcesBuildPhase section */

/* Begin PBXVariantGroup section */
		1F75D71F2264A2200066C1A3 /* Main.storyboard */ = {
			isa = PBXVariantGroup;
			children = (
				1F75D7202264A2200066C1A3 /* Base */,
			);
			name = Main.storyboard;
			sourceTree = "<group>";
		};
		1F75D7242264A2230066C1A3 /* LaunchScreen.storyboard */ = {
			isa = PBXVariantGroup;
			children = (
				1F75D7252264A2230066C1A3 /* Base */,
			);
			name = LaunchScreen.storyboard;
			sourceTree = "<group>";
		};
/* End PBXVariantGroup section */

/* Begin XCBuildConfiguration section */
		1F75D73E2264A2230066C1A3 /* Debug */ = {
			isa = XCBuildConfiguration;
			buildSettings = {
				ALWAYS_SEARCH_USER_PATHS = NO;
				CLANG_ANALYZER_NONNULL = YES;
				CLANG_ANALYZER_NUMBER_OBJECT_CONVERSION = YES_AGGRESSIVE;
				CLANG_CXX_LANGUAGE_STANDARD = "gnu++14";
				CLANG_CXX_LIBRARY = "libc++";
				CLANG_ENABLE_MODULES = YES;
				CLANG_ENABLE_OBJC_ARC = YES;
				CLANG_ENABLE_OBJC_WEAK = YES;
				CLANG_WARN_BLOCK_CAPTURE_AUTORELEASING = YES;
				CLANG_WARN_BOOL_CONVERSION = YES;
				CLANG_WARN_COMMA = YES;
				CLANG_WARN_CONSTANT_CONVERSION = YES;
				CLANG_WARN_DEPRECATED_OBJC_IMPLEMENTATIONS = YES;
				CLANG_WARN_DIRECT_OBJC_ISA_USAGE = YES_ERROR;
				CLANG_WARN_DOCUMENTATION_COMMENTS = YES;
				CLANG_WARN_EMPTY_BODY = YES;
				CLANG_WARN_ENUM_CONVERSION = YES;
				CLANG_WARN_INFINITE_RECURSION = YES;
				CLANG_WARN_INT_CONVERSION = YES;
				CLANG_WARN_NON_LITERAL_NULL_CONVERSION = YES;
				CLANG_WARN_OBJC_IMPLICIT_RETAIN_SELF = YES;
				CLANG_WARN_OBJC_LITERAL_CONVERSION = YES;
				CLANG_WARN_OBJC_ROOT_CLASS = YES_ERROR;
				CLANG_WARN_RANGE_LOOP_ANALYSIS = YES;
				CLANG_WARN_STRICT_PROTOTYPES = YES;
				CLANG_WARN_SUSPICIOUS_MOVE = YES;
				CLANG_WARN_UNGUARDED_AVAILABILITY = YES_AGGRESSIVE;
				CLANG_WARN_UNREACHABLE_CODE = YES;
				CLANG_WARN__DUPLICATE_METHOD_MATCH = YES;
				CODE_SIGN_IDENTITY = "iPhone Developer";
				COPY_PHASE_STRIP = NO;
				DEBUG_INFORMATION_FORMAT = dwarf;
				ENABLE_STRICT_OBJC_MSGSEND = YES;
				ENABLE_TESTABILITY = YES;
				GCC_C_LANGUAGE_STANDARD = gnu11;
				GCC_DYNAMIC_NO_PIC = NO;
				GCC_NO_COMMON_BLOCKS = YES;
				GCC_OPTIMIZATION_LEVEL = 0;
				GCC_PREPROCESSOR_DEFINITIONS = (
					"DEBUG=1",
					"$(inherited)",
				);
				GCC_WARN_64_TO_32_BIT_CONVERSION = YES;
				GCC_WARN_ABOUT_RETURN_TYPE = YES_ERROR;
				GCC_WARN_UNDECLARED_SELECTOR = YES;
				GCC_WARN_UNINITIALIZED_AUTOS = YES_AGGRESSIVE;
				GCC_WARN_UNUSED_FUNCTION = YES;
				GCC_WARN_UNUSED_VARIABLE = YES;
				IPHONEOS_DEPLOYMENT_TARGET = 12.0;
				MTL_ENABLE_DEBUG_INFO = INCLUDE_SOURCE;
				MTL_FAST_MATH = YES;
				ONLY_ACTIVE_ARCH = YES;
				SDKROOT = iphoneos;
				SWIFT_ACTIVE_COMPILATION_CONDITIONS = DEBUG;
				SWIFT_OPTIMIZATION_LEVEL = "-Onone";
				SWIFT_VERSION = 4.2;
			};
			name = Debug;
		};
		1F75D73F2264A2230066C1A3 /* Release */ = {
			isa = XCBuildConfiguration;
			buildSettings = {
				ALWAYS_SEARCH_USER_PATHS = NO;
				CLANG_ANALYZER_NONNULL = YES;
				CLANG_ANALYZER_NUMBER_OBJECT_CONVERSION = YES_AGGRESSIVE;
				CLANG_CXX_LANGUAGE_STANDARD = "gnu++14";
				CLANG_CXX_LIBRARY = "libc++";
				CLANG_ENABLE_MODULES = YES;
				CLANG_ENABLE_OBJC_ARC = YES;
				CLANG_ENABLE_OBJC_WEAK = YES;
				CLANG_WARN_BLOCK_CAPTURE_AUTORELEASING = YES;
				CLANG_WARN_BOOL_CONVERSION = YES;
				CLANG_WARN_COMMA = YES;
				CLANG_WARN_CONSTANT_CONVERSION = YES;
				CLANG_WARN_DEPRECATED_OBJC_IMPLEMENTATIONS = YES;
				CLANG_WARN_DIRECT_OBJC_ISA_USAGE = YES_ERROR;
				CLANG_WARN_DOCUMENTATION_COMMENTS = YES;
				CLANG_WARN_EMPTY_BODY = YES;
				CLANG_WARN_ENUM_CONVERSION = YES;
				CLANG_WARN_INFINITE_RECURSION = YES;
				CLANG_WARN_INT_CONVERSION = YES;
				CLANG_WARN_NON_LITERAL_NULL_CONVERSION = YES;
				CLANG_WARN_OBJC_IMPLICIT_RETAIN_SELF = YES;
				CLANG_WARN_OBJC_LITERAL_CONVERSION = YES;
				CLANG_WARN_OBJC_ROOT_CLASS = YES_ERROR;
				CLANG_WARN_RANGE_LOOP_ANALYSIS = YES;
				CLANG_WARN_STRICT_PROTOTYPES = YES;
				CLANG_WARN_SUSPICIOUS_MOVE = YES;
				CLANG_WARN_UNGUARDED_AVAILABILITY = YES_AGGRESSIVE;
				CLANG_WARN_UNREACHABLE_CODE = YES;
				CLANG_WARN__DUPLICATE_METHOD_MATCH = YES;
				CODE_SIGN_IDENTITY = "iPhone Developer";
				COPY_PHASE_STRIP = NO;
				DEBUG_INFORMATION_FORMAT = "dwarf-with-dsym";
				ENABLE_NS_ASSERTIONS = NO;
				ENABLE_STRICT_OBJC_MSGSEND = YES;
				GCC_C_LANGUAGE_STANDARD = gnu11;
				GCC_NO_COMMON_BLOCKS = YES;
				GCC_WARN_64_TO_32_BIT_CONVERSION = YES;
				GCC_WARN_ABOUT_RETURN_TYPE = YES_ERROR;
				GCC_WARN_UNDECLARED_SELECTOR = YES;
				GCC_WARN_UNINITIALIZED_AUTOS = YES_AGGRESSIVE;
				GCC_WARN_UNUSED_FUNCTION = YES;
				GCC_WARN_UNUSED_VARIABLE = YES;
				IPHONEOS_DEPLOYMENT_TARGET = 12.0;
				MTL_ENABLE_DEBUG_INFO = NO;
				MTL_FAST_MATH = YES;
				SDKROOT = iphoneos;
				SWIFT_COMPILATION_MODE = wholemodule;
				SWIFT_OPTIMIZATION_LEVEL = "-O";
				SWIFT_VERSION = 4.2;
				VALIDATE_PRODUCT = YES;
			};
			name = Release;
		};
		1F75D7412264A2230066C1A3 /* Debug */ = {
			isa = XCBuildConfiguration;
			buildSettings = {
				ASSETCATALOG_COMPILER_APPICON_NAME = AppIcon;
				CODE_SIGN_STYLE = Automatic;
				DEVELOPMENT_TEAM = VKH5838WR5;
				INFOPLIST_FILE = TestJSON/Info.plist;
				LD_RUNPATH_SEARCH_PATHS = (
					"$(inherited)",
					"@executable_path/Frameworks",
				);
				PRODUCT_BUNDLE_IDENTIFIER = Mariupol.TestJSON;
				PRODUCT_NAME = "$(TARGET_NAME)";
				SWIFT_VERSION = 5.0;
				TARGETED_DEVICE_FAMILY = "1,2";
			};
			name = Debug;
		};
		1F75D7422264A2230066C1A3 /* Release */ = {
			isa = XCBuildConfiguration;
			buildSettings = {
				ASSETCATALOG_COMPILER_APPICON_NAME = AppIcon;
				CODE_SIGN_STYLE = Automatic;
				DEVELOPMENT_TEAM = VKH5838WR5;
				INFOPLIST_FILE = TestJSON/Info.plist;
				LD_RUNPATH_SEARCH_PATHS = (
					"$(inherited)",
					"@executable_path/Frameworks",
				);
				PRODUCT_BUNDLE_IDENTIFIER = Mariupol.TestJSON;
				PRODUCT_NAME = "$(TARGET_NAME)";
				SWIFT_VERSION = 5.0;
				TARGETED_DEVICE_FAMILY = "1,2";
			};
			name = Release;
		};
/* End XCBuildConfiguration section */

/* Begin XCConfigurationList section */
		1F75D7132264A2200066C1A3 /* Build configuration list for PBXProject "TestJSON" */ = {
			isa = XCConfigurationList;
			buildConfigurations = (
				1F75D73E2264A2230066C1A3 /* Debug */,
				1F75D73F2264A2230066C1A3 /* Release */,
			);
			defaultConfigurationIsVisible = 0;
			defaultConfigurationName = Release;
		};
		1F75D7402264A2230066C1A3 /* Build configuration list for PBXNativeTarget "TestJSON" */ = {
			isa = XCConfigurationList;
			buildConfigurations = (
				1F75D7412264A2230066C1A3 /* Debug */,
				1F75D7422264A2230066C1A3 /* Release */,
			);
			defaultConfigurationIsVisible = 0;
			defaultConfigurationName = Release;
		};
/* End XCConfigurationList section */
	};
	rootObject = 1F75D7102264A2200066C1A3 /* Project object */;
}
